{
  "version": 4,
  "terraform_version": "1.4.6",
  "serial": 84,
  "lineage": "3ec536b6-af67-4611-bf03-910ef4b888ca",
  "outputs": {},
  "resources": [
    {
      "mode": "managed",
      "type": "aws_acm_certificate",
      "name": "cert1",
      "provider": "provider[\"registry.terraform.io/hashicorp/aws\"]",
      "instances": [
        {
          "schema_version": 0,
          "attributes": {
            "arn": "arn:aws:acm:us-east-1:878770078388:certificate/95c8ebdd-2580-45bf-b7d2-ac8552ad401e",
            "certificate_authority_arn": "",
            "certificate_body": null,
            "certificate_chain": null,
            "domain_name": "cloudali.net",
            "domain_validation_options": [
              {
                "domain_name": "cloudali.net",
                "resource_record_name": "_2a61b4bf17ccb996402f3f57e31f7eca.cloudali.net.",
                "resource_record_type": "CNAME",
                "resource_record_value": "_bf4ccb610b5f57187b0fc63769f4145c.mhbtsbpdnt.acm-validations.aws."
              }
            ],
            "id": "arn:aws:acm:us-east-1:878770078388:certificate/95c8ebdd-2580-45bf-b7d2-ac8552ad401e",
            "options": [
              {
                "certificate_transparency_logging_preference": "ENABLED"
              }
            ],
            "private_key": null,
            "status": "PENDING_VALIDATION",
            "subject_alternative_names": [],
            "tags": {},
            "tags_all": {},
            "validation_emails": [],
            "validation_method": "DNS"
          },
          "sensitive_attributes": [],
          "private": "bnVsbA=="
        }
      ]
    },
    {
      "mode": "managed",
      "type": "aws_acm_certificate",
      "name": "cert2",
      "provider": "provider[\"registry.terraform.io/hashicorp/aws\"]",
      "instances": [
        {
          "schema_version": 0,
          "attributes": {
            "arn": "arn:aws:acm:us-east-1:878770078388:certificate/2595dc47-9742-4d45-8ef8-7f2d84fec6b3",
            "certificate_authority_arn": "",
            "certificate_body": null,
            "certificate_chain": null,
            "domain_name": "*.cloudali.net",
            "domain_validation_options": [
              {
                "domain_name": "*.cloudali.net",
                "resource_record_name": "_2a61b4bf17ccb996402f3f57e31f7eca.cloudali.net.",
                "resource_record_type": "CNAME",
                "resource_record_value": "_bf4ccb610b5f57187b0fc63769f4145c.mhbtsbpdnt.acm-validations.aws."
              }
            ],
            "id": "arn:aws:acm:us-east-1:878770078388:certificate/2595dc47-9742-4d45-8ef8-7f2d84fec6b3",
            "options": [
              {
                "certificate_transparency_logging_preference": "ENABLED"
              }
            ],
            "private_key": null,
            "status": "PENDING_VALIDATION",
            "subject_alternative_names": [],
            "tags": {
              "project": "cloud resume"
            },
            "tags_all": {
              "project": "cloud resume"
            },
            "validation_emails": [],
            "validation_method": "DNS"
          },
          "sensitive_attributes": [],
          "private": "bnVsbA=="
        }
      ]
    },
    {
      "mode": "managed",
      "type": "aws_route53_record",
      "name": "root",
      "provider": "provider[\"registry.terraform.io/hashicorp/aws\"]",
      "instances": []
    },
    {
      "mode": "managed",
      "type": "aws_route53_zone",
      "name": "main",
      "provider": "provider[\"registry.terraform.io/hashicorp/aws\"]",
      "instances": [
        {
          "schema_version": 0,
          "attributes": {
            "arn": "arn:aws:route53:::hostedzone/Z035406123D3IWVNNSONW",
            "comment": "Managed by Terraform",
            "delegation_set_id": "",
            "force_destroy": false,
            "id": "Z035406123D3IWVNNSONW",
            "name": "cloudali.net",
            "name_servers": [
              "ns-1198.awsdns-21.org",
              "ns-1671.awsdns-16.co.uk",
              "ns-203.awsdns-25.com",
              "ns-825.awsdns-39.net"
            ],
            "tags": {},
            "tags_all": {},
            "vpc": [],
            "zone_id": "Z035406123D3IWVNNSONW"
          },
          "sensitive_attributes": [],
          "private": "bnVsbA=="
        }
      ]
    },
    {
      "mode": "managed",
      "type": "aws_s3_bucket",
      "name": "site",
      "provider": "provider[\"registry.terraform.io/hashicorp/aws\"]",
      "instances": [
        {
          "schema_version": 0,
          "attributes": {
            "acceleration_status": "",
            "acl": null,
            "arn": "arn:aws:s3:::terratest-cr11",
            "bucket": "terratest-cr11",
            "bucket_domain_name": "terratest-cr11.s3.amazonaws.com",
            "bucket_prefix": null,
            "bucket_regional_domain_name": "terratest-cr11.s3.amazonaws.com",
            "cors_rule": [],
            "force_destroy": true,
            "grant": [
              {
                "id": "1f51771ec9ba4687c92b51992e3b93b1bfeed97bec1189ea8a9228536136fef0",
                "permissions": [
                  "FULL_CONTROL"
                ],
                "type": "CanonicalUser",
                "uri": ""
              }
            ],
            "hosted_zone_id": "Z3AQBSTGFYJSTF",
            "id": "terratest-cr11",
            "lifecycle_rule": [],
            "logging": [],
            "object_lock_configuration": [],
            "object_lock_enabled": false,
            "policy": "",
            "region": "us-east-1",
            "replication_configuration": [],
            "request_payer": "BucketOwner",
            "server_side_encryption_configuration": [
              {
                "rule": [
                  {
                    "apply_server_side_encryption_by_default": [
                      {
                        "kms_master_key_id": "",
                        "sse_algorithm": "AES256"
                      }
                    ],
                    "bucket_key_enabled": false
                  }
                ]
              }
            ],
            "tags": null,
            "tags_all": {},
            "versioning": [
              {
                "enabled": false,
                "mfa_delete": false
              }
            ],
            "website": [],
            "website_domain": null,
            "website_endpoint": null
          },
          "sensitive_attributes": [],
          "private": "bnVsbA=="
        }
      ]
    },
    {
      "mode": "managed",
      "type": "aws_s3_bucket_ownership_controls",
      "name": "siteaclacl-ownership",
      "provider": "provider[\"registry.terraform.io/hashicorp/aws\"]",
      "instances": []
    }
  ],
  "check_results": null
}
